<?xml version="1.0" encoding="utf-8"?>
<Project ToolsVersion="4.0" xmlns="http://schemas.microsoft.com/developer/msbuild/2003">
  <ItemGroup>
    <Filter Include="Source Files">
      <UniqueIdentifier>{4FC737F1-C7A5-4376-A066-2A32D752A2FF}</UniqueIdentifier>
      <Extensions>cpp;c;cc;cxx;c++;cppm;ixx;def;odl;idl;hpj;bat;asm;asmx</Extensions>
    </Filter>
    <Filter Include="Resource Files">
      <UniqueIdentifier>{67DA6AB6-F800-4c08-8B7A-83BB121AAD01}</UniqueIdentifier>
      <Extensions>rc;ico;cur;bmp;dlg;rc2;rct;bin;rgs;gif;jpg;jpeg;jpe;resx;tiff;tif;png;wav;mfcribbon-ms</Extensions>
    </Filter>
    <Filter Include="Source Files\App">
      <UniqueIdentifier>{cbe5ed08-38e2-42e6-bb8c-a18d0f88f176}</UniqueIdentifier>
    </Filter>
    <Filter Include="Source Files\Exception">
      <UniqueIdentifier>{5eea20fd-3023-4d66-89d7-718c31379c31}</UniqueIdentifier>
    </Filter>
    <Filter Include="Source Files\Graphics">
      <UniqueIdentifier>{5369206e-5406-4dbf-9c87-0957f196f8a8}</UniqueIdentifier>
    </Filter>
    <Filter Include="Source Files\Input Controls">
      <UniqueIdentifier>{ba31931e-53bf-45da-98d7-9ecd5a1830f0}</UniqueIdentifier>
    </Filter>
    <Filter Include="Resource Files\Image">
      <UniqueIdentifier>{4826d59b-a38d-40bd-bd81-afa2d0d4d28e}</UniqueIdentifier>
    </Filter>
    <Filter Include="Resource Files\Image\Icon">
      <UniqueIdentifier>{bd6b7c3e-a04f-46a2-b71a-a4ed0465710e}</UniqueIdentifier>
    </Filter>
    <Filter Include="Header Files">
      <UniqueIdentifier>{93995380-89BD-4b04-88EB-625FBE52EBFB}</UniqueIdentifier>
      <Extensions>h;hh;hpp;hxx;h++;hm;inl;inc;ipp;xsd</Extensions>
    </Filter>
    <Filter Include="Header Files\App">
      <UniqueIdentifier>{3165a8ea-9193-482c-9bf5-699706f3c217}</UniqueIdentifier>
    </Filter>
    <Filter Include="Header Files\Exception">
      <UniqueIdentifier>{dc0e1a8a-5b63-42b7-b9bf-0b494ef6f202}</UniqueIdentifier>
    </Filter>
    <Filter Include="Header Files\Graphics">
      <UniqueIdentifier>{a4638bf9-180f-4c99-a557-25cc3dc0095e}</UniqueIdentifier>
    </Filter>
    <Filter Include="Header Files\Input Controls">
      <UniqueIdentifier>{794ef189-857f-4b44-810f-f16c2f27957f}</UniqueIdentifier>
    </Filter>
  </ItemGroup>
  <ItemGroup>
    <ClCompile Include="WinMain.cpp">
      <Filter>Source Files</Filter>
    </ClCompile>
    <ClCompile Include="Source\App\App.cpp">
      <Filter>Source Files\App</Filter>
    </ClCompile>
    <ClCompile Include="Source\App\Timer\Timer.cpp">
      <Filter>Source Files\App</Filter>
    </ClCompile>
    <ClCompile Include="Source\App\Window\Window.cpp">
      <Filter>Source Files\App</Filter>
    </ClCompile>
    <ClCompile Include="Source\Exception\Exception.cpp">
      <Filter>Source Files\Exception</Filter>
    </ClCompile>
    <ClCompile Include="Source\Graphics\Graphics.cpp">
      <Filter>Source Files\Graphics</Filter>
    </ClCompile>
    <ClCompile Include="Source\Input Controls\Keyboard.cpp">
      <Filter>Source Files\Input Controls</Filter>
    </ClCompile>
    <ClCompile Include="Source\Input Controls\Mouse.cpp">
      <Filter>Source Files\Input Controls</Filter>
    </ClCompile>
    <ClCompile Include="Source\Graphics\DxgiInfoManager\DxgiInfoManager.cpp">
      <Filter>Source Files</Filter>
    </ClCompile>
    <ClCompile Include="Source\Exception\dxerr.cpp">
      <Filter>Source Files</Filter>
    </ClCompile>
    <ClCompile Include="Source\App\Window\WindowsMessageMap.cpp">
      <Filter>Source Files</Filter>
    </ClCompile>
    <ClCompile Include="Source\Graphics\Shaders\Pixel\PixelShader.cpp">
      <Filter>Source Files</Filter>
    </ClCompile>
    <ClCompile Include="Source\Graphics\Shaders\Vertex\VertexShader.cpp">
      <Filter>Source Files</Filter>
    </ClCompile>
    <ClCompile Include="Source\Graphics\Drawable\Drawable.cpp">
      <Filter>Source Files</Filter>
    </ClCompile>
    <ClCompile Include="Source\Graphics\Buffers\IndexBuffer.cpp">
      <Filter>Source Files</Filter>
    </ClCompile>
    <ClCompile Include="Source\Resources\Model\Box.cpp">
      <Filter>Source Files</Filter>
    </ClCompile>
    <ClCompile Include="Source\Graphics\InputLayout.cpp">
      <Filter>Source Files</Filter>
    </ClCompile>
    <ClCompile Include="Source\Graphics\Buffers\TransformCbuf.cpp">
      <Filter>Source Files</Filter>
    </ClCompile>
    <ClCompile Include="Source\Graphics\Buffers\VertexBuffer.cpp">
      <Filter>Source Files</Filter>
    </ClCompile>
    <ClCompile Include="Source\Binding\Bindable.cpp">
      <Filter>Source Files</Filter>
    </ClCompile>
    <ClCompile Include="Source\Binding\Topology.cpp">
      <Filter>Source Files</Filter>
    </ClCompile>
    <ClCompile Include="Source\Resources\Model\Pyramid.cpp">
      <Filter>Source Files</Filter>
    </ClCompile>
    <ClCompile Include="Source\Resources\Model\Melon.cpp">
      <Filter>Source Files</Filter>
    </ClCompile>
    <ClCompile Include="Source\Graphics\GDI\Surface\Surface.cpp">
      <Filter>Source Files</Filter>
    </ClCompile>
    <ClCompile Include="Source\Graphics\GDI\GDIPlusManager\GDIPlusManager.cpp">
      <Filter>Source Files</Filter>
    </ClCompile>
    <ClCompile Include="Source\Binding\Sampler\Sampler.cpp">
      <Filter>Source Files</Filter>
    </ClCompile>
    <ClCompile Include="Source\Graphics\Texture\Texture.cpp">
      <Filter>Source Files</Filter>
    </ClCompile>
    <ClCompile Include="Source\Resources\Model\Sheet.cpp">
      <Filter>Source Files</Filter>
    </ClCompile>
    <ClCompile Include="Source\Resources\Model\SkinnedBox.cpp">
      <Filter>Source Files</Filter>
    </ClCompile>
    <ClCompile Include="Source\ImGui\Library\imgui.cpp">
      <Filter>Source Files</Filter>
    </ClCompile>
    <ClCompile Include="Source\ImGui\Library\imgui_demo.cpp">
      <Filter>Source Files</Filter>
    </ClCompile>
    <ClCompile Include="Source\ImGui\Library\imgui_draw.cpp">
      <Filter>Source Files</Filter>
    </ClCompile>
    <ClCompile Include="Source\ImGui\Library\imgui_impl_dx11.cpp">
      <Filter>Source Files</Filter>
    </ClCompile>
    <ClCompile Include="Source\ImGui\Library\imgui_impl_win32.cpp">
      <Filter>Source Files</Filter>
    </ClCompile>
    <ClCompile Include="Source\ImGui\Library\imgui_tables.cpp">
      <Filter>Source Files</Filter>
    </ClCompile>
    <ClCompile Include="Source\ImGui\Library\imgui_widgets.cpp">
      <Filter>Source Files</Filter>
    </ClCompile>
    <ClCompile Include="Source\ImGui\Manager\ImGuiManager.cpp">
      <Filter>Source Files</Filter>
    </ClCompile>
    <ClCompile Include="Exception\Binding\Sampler\Sampler.cpp">
      <Filter>Source Files</Filter>
    </ClCompile>
    <ClCompile Include="Exception\Binding\Bindable.cpp">
      <Filter>Source Files</Filter>
    </ClCompile>
    <ClCompile Include="Exception\Binding\Topology.cpp">
      <Filter>Source Files</Filter>
    </ClCompile>
  </ItemGroup>
  <ItemGroup>
    <Image Include="Source\Resources\icon\manager16.ico">
      <Filter>Resource Files\Image\Icon</Filter>
    </Image>
    <Image Include="Source\Resources\Images\cube.png">
      <Filter>Resource Files</Filter>
    </Image>
    <Image Include="Source\Resources\Images\kappa50.png">
      <Filter>Resource Files</Filter>
    </Image>
  </ItemGroup>
  <ItemGroup>
    <ClInclude Include="Source\App\App.h">
      <Filter>Header Files\App</Filter>
    </ClInclude>
    <ClInclude Include="Source\App\Timer\Timer.h">
      <Filter>Header Files\App</Filter>
    </ClInclude>
    <ClInclude Include="Source\App\Window\Window.h">
      <Filter>Header Files\App</Filter>
    </ClInclude>
    <ClInclude Include="Source\Exception\Exception.h">
      <Filter>Header Files\Exception</Filter>
    </ClInclude>
    <ClInclude Include="Source\Graphics\Graphics.h">
      <Filter>Header Files\Graphics</Filter>
    </ClInclude>
    <ClInclude Include="Source\Input Controls\Keyboard.h">
      <Filter>Header Files\Input Controls</Filter>
    </ClInclude>
    <ClInclude Include="Source\Input Controls\Mouse.h">
      <Filter>Header Files\Input Controls</Filter>
    </ClInclude>
    <ClInclude Include="Source\Resources\resource.h">
      <Filter>Header Files</Filter>
    </ClInclude>
    <ClInclude Include="Source\Graphics\DxgiInfoManager\DxgiInfoManager.h">
      <Filter>Header Files</Filter>
    </ClInclude>
    <ClInclude Include="Source\Exception\dxerr.h">
      <Filter>Header Files</Filter>
    </ClInclude>
    <ClInclude Include="Source\App\Window\WindowsMessageMap.h">
      <Filter>Header Files</Filter>
    </ClInclude>
    <ClInclude Include="Source\App\Window\WindowsThrowMacros.h">
      <Filter>Header Files</Filter>
    </ClInclude>
    <ClInclude Include="Source\Graphics\GraphicsThrowMacros.h">
      <Filter>Header Files</Filter>
    </ClInclude>
    <ClInclude Include="Source\Graphics\Shaders\Pixel\PixelShader.h">
      <Filter>Header Files</Filter>
    </ClInclude>
    <ClInclude Include="Source\Graphics\Shaders\Vertex\VertexShader.h">
      <Filter>Header Files</Filter>
    </ClInclude>
    <ClInclude Include="Source\Graphics\Drawable\Drawable.h">
      <Filter>Header Files</Filter>
    </ClInclude>
    <ClInclude Include="Source\Graphics\Buffers\IndexBuffer.h">
      <Filter>Header Files</Filter>
    </ClInclude>
    <ClInclude Include="Source\Resources\Model\Box.h">
      <Filter>Header Files</Filter>
    </ClInclude>
    <ClInclude Include="Source\Graphics\Buffers\ConstantBuffers.h">
      <Filter>Header Files</Filter>
    </ClInclude>
    <ClInclude Include="Source\Graphics\InputLayout.h">
      <Filter>Header Files</Filter>
    </ClInclude>
    <ClInclude Include="Source\Graphics\Buffers\TransformCbuf.h">
      <Filter>Header Files</Filter>
    </ClInclude>
    <ClInclude Include="Source\Graphics\Buffers\VertexBuffer.h">
      <Filter>Header Files</Filter>
    </ClInclude>
    <ClInclude Include="Source\Graphics\Drawable\DrawableBase.h">
      <Filter>Header Files</Filter>
    </ClInclude>
    <ClInclude Include="Source\Binding\Bindable.h">
      <Filter>Header Files</Filter>
    </ClInclude>
    <ClInclude Include="Source\Binding\BindableBase.h">
      <Filter>Header Files</Filter>
    </ClInclude>
    <ClInclude Include="Source\Binding\Topology.h">
      <Filter>Header Files</Filter>
    </ClInclude>
    <ClInclude Include="Source\Resources\Math.h">
      <Filter>Header Files</Filter>
    </ClInclude>
    <ClInclude Include="Source\Resources\Model\Cone.h">
      <Filter>Header Files</Filter>
    </ClInclude>
    <ClInclude Include="Source\Resources\IndexedTriangleList.h">
      <Filter>Header Files</Filter>
    </ClInclude>
    <ClInclude Include="Source\Resources\Model\Cube.h">
      <Filter>Header Files</Filter>
    </ClInclude>
    <ClInclude Include="Source\Resources\Model\Plane.h">
      <Filter>Header Files</Filter>
    </ClInclude>
    <ClInclude Include="Source\Resources\Model\Prism.h">
      <Filter>Header Files</Filter>
    </ClInclude>
    <ClInclude Include="Source\Resources\Model\Sphere.h">
      <Filter>Header Files</Filter>
    </ClInclude>
    <ClInclude Include="Source\Resources\Model\Pyramid.h">
      <Filter>Header Files</Filter>
    </ClInclude>
    <ClInclude Include="Source\Resources\Model\Melon.h">
      <Filter>Header Files</Filter>
    </ClInclude>
    <ClInclude Include="Source\Graphics\GDI\Surface\Surface.h">
      <Filter>Header Files</Filter>
    </ClInclude>
    <ClInclude Include="Source\Graphics\GDI\GDIPlusManager\GDIPlusManager.h">
      <Filter>Header Files</Filter>
    </ClInclude>
    <ClInclude Include="Source\Binding\Sampler\Sampler.h">
      <Filter>Header Files</Filter>
    </ClInclude>
    <ClInclude Include="Source\Graphics\Texture\Texture.h">
      <Filter>Header Files</Filter>
    </ClInclude>
    <ClInclude Include="Source\Resources\Model\Sheet.h">
      <Filter>Header Files</Filter>
    </ClInclude>
    <ClInclude Include="Source\Resources\Model\SkinnedBox.h">
      <Filter>Header Files</Filter>
    </ClInclude>
    <ClInclude Include="Source\ImGui\Library\imstb_truetype.h">
      <Filter>Header Files</Filter>
    </ClInclude>
    <ClInclude Include="Source\ImGui\Library\imconfig.h">
      <Filter>Header Files</Filter>
    </ClInclude>
    <ClInclude Include="Source\ImGui\Library\imgui.h">
      <Filter>Header Files</Filter>
    </ClInclude>
    <ClInclude Include="Source\ImGui\Library\imgui_impl_dx11.h">
      <Filter>Header Files</Filter>
    </ClInclude>
    <ClInclude Include="Source\ImGui\Library\imgui_impl_win32.h">
      <Filter>Header Files</Filter>
    </ClInclude>
    <ClInclude Include="Source\ImGui\Library\imgui_internal.h">
      <Filter>Header Files</Filter>
    </ClInclude>
    <ClInclude Include="Source\ImGui\Library\imstb_rectpack.h">
      <Filter>Header Files</Filter>
    </ClInclude>
    <ClInclude Include="Source\ImGui\Library\imstb_textedit.h">
      <Filter>Header Files</Filter>
    </ClInclude>
    <ClInclude Include="Source\ImGui\Manager\ImGuiManager.h">
      <Filter>Header Files</Filter>
    </ClInclude>
    <ClInclude Include="Exception\Binding\Topology.h">
      <Filter>Header Files</Filter>
    </ClInclude>
    <ClInclude Include="Exception\Binding\Sampler\Sampler.h">
      <Filter>Header Files</Filter>
    </ClInclude>
    <ClInclude Include="Exception\Binding\Bindable.h">
      <Filter>Header Files</Filter>
    </ClInclude>
    <ClInclude Include="Exception\Binding\BindableBase.h">
      <Filter>Header Files</Filter>
    </ClInclude>
  </ItemGroup>
  <ItemGroup>
    <ResourceCompile Include="Game Engine.rc">
      <Filter>Resource Files</Filter>
    </ResourceCompile>
  </ItemGroup>
  <ItemGroup>
    <None Include="Source\Exception\DXGetErrorDescription.inl">
      <Filter>Header Files</Filter>
    </None>
    <None Include="Source\Exception\DXGetErrorString.inl">
      <Filter>Header Files</Filter>
    </None>
    <None Include="Source\Exception\DXTrace.inl">
      <Filter>Header Files</Filter>
    </None>
  </ItemGroup>
  <ItemGroup>
    <FxCompile Include="Source\Resources\HLSL\ColorBlendPS_Project.hlsl" />
    <FxCompile Include="Source\Resources\HLSL\ColorBlendVS_Project.hlsl" />
    <FxCompile Include="Source\Resources\HLSL\ColorIndexPS_Project.hlsl" />
    <FxCompile Include="Source\Resources\HLSL\ColorIndexVS_Project.hlsl" />
    <FxCompile Include="Source\Resources\HLSL\ColorBlendPS_Out.hlsl" />
    <FxCompile Include="Source\Resources\HLSL\ColorBlendVS_Out.hlsl" />
    <FxCompile Include="Source\Resources\HLSL\ColorIndexPS_Out.hlsl" />
    <FxCompile Include="Source\Resources\HLSL\ColorIndexVS_Out.hlsl" />
    <FxCompile Include="Source\Graphics\Texture\TexturePS_Project.hlsl" />
    <FxCompile Include="Source\Graphics\Texture\TextureVS_Out.hlsl" />
    <FxCompile Include="Source\Graphics\Texture\TexturePS_Out.hlsl" />
    <FxCompile Include="Source\Graphics\Texture\TextureVS_Project.hlsl" />
  </ItemGroup>
</Project>