<?xml version="1.0" encoding="utf-8"?>
<Project ToolsVersion="4.0" xmlns="http://schemas.microsoft.com/developer/msbuild/2003">
  <ItemGroup>
    <Filter Include="Source Files">
      <UniqueIdentifier>{4FC737F1-C7A5-4376-A066-2A32D752A2FF}</UniqueIdentifier>
      <Extensions>cpp;c;cc;cxx;c++;cppm;ixx;def;odl;idl;hpj;bat;asm;asmx</Extensions>
    </Filter>
    <Filter Include="Resource Files">
      <UniqueIdentifier>{67DA6AB6-F800-4c08-8B7A-83BB121AAD01}</UniqueIdentifier>
      <Extensions>rc;ico;cur;bmp;dlg;rc2;rct;bin;rgs;gif;jpg;jpeg;jpe;resx;tiff;tif;png;wav;mfcribbon-ms</Extensions>
    </Filter>
    <Filter Include="Source Files\App">
      <UniqueIdentifier>{cbe5ed08-38e2-42e6-bb8c-a18d0f88f176}</UniqueIdentifier>
    </Filter>
    <Filter Include="Source Files\Exception">
      <UniqueIdentifier>{5eea20fd-3023-4d66-89d7-718c31379c31}</UniqueIdentifier>
    </Filter>
    <Filter Include="Source Files\Graphics">
      <UniqueIdentifier>{5369206e-5406-4dbf-9c87-0957f196f8a8}</UniqueIdentifier>
    </Filter>
    <Filter Include="Source Files\Input Controls">
      <UniqueIdentifier>{ba31931e-53bf-45da-98d7-9ecd5a1830f0}</UniqueIdentifier>
    </Filter>
    <Filter Include="Resource Files\Image">
      <UniqueIdentifier>{4826d59b-a38d-40bd-bd81-afa2d0d4d28e}</UniqueIdentifier>
    </Filter>
    <Filter Include="Resource Files\Image\Icon">
      <UniqueIdentifier>{bd6b7c3e-a04f-46a2-b71a-a4ed0465710e}</UniqueIdentifier>
    </Filter>
    <Filter Include="Header Files">
      <UniqueIdentifier>{93995380-89BD-4b04-88EB-625FBE52EBFB}</UniqueIdentifier>
      <Extensions>h;hh;hpp;hxx;h++;hm;inl;inc;ipp;xsd</Extensions>
    </Filter>
    <Filter Include="Header Files\App">
      <UniqueIdentifier>{3165a8ea-9193-482c-9bf5-699706f3c217}</UniqueIdentifier>
    </Filter>
    <Filter Include="Header Files\Exception">
      <UniqueIdentifier>{dc0e1a8a-5b63-42b7-b9bf-0b494ef6f202}</UniqueIdentifier>
    </Filter>
    <Filter Include="Header Files\Graphics">
      <UniqueIdentifier>{a4638bf9-180f-4c99-a557-25cc3dc0095e}</UniqueIdentifier>
    </Filter>
    <Filter Include="Header Files\Input Controls">
      <UniqueIdentifier>{794ef189-857f-4b44-810f-f16c2f27957f}</UniqueIdentifier>
    </Filter>
  </ItemGroup>
  <ItemGroup>
    <ClCompile Include="WinMain.cpp">
      <Filter>Source Files</Filter>
    </ClCompile>
    <ClCompile Include="App\App.cpp">
      <Filter>Source Files\App</Filter>
    </ClCompile>
    <ClCompile Include="App\Timer\Timer.cpp">
      <Filter>Source Files\App</Filter>
    </ClCompile>
    <ClCompile Include="App\Window\Window.cpp">
      <Filter>Source Files\App</Filter>
    </ClCompile>
    <ClCompile Include="Exception\Exception.cpp">
      <Filter>Source Files\Exception</Filter>
    </ClCompile>
    <ClCompile Include="Graphics\Graphics.cpp">
      <Filter>Source Files\Graphics</Filter>
    </ClCompile>
    <ClCompile Include="Input Controls\Keyboard.cpp">
      <Filter>Source Files\Input Controls</Filter>
    </ClCompile>
    <ClCompile Include="Input Controls\Mouse.cpp">
      <Filter>Source Files\Input Controls</Filter>
    </ClCompile>
    <ClCompile Include="Graphics\DxgiInfoManager\DxgiInfoManager.cpp">
      <Filter>Source Files</Filter>
    </ClCompile>
    <ClCompile Include="Exception\dxerr.cpp">
      <Filter>Source Files</Filter>
    </ClCompile>
    <ClCompile Include="App\Window\WindowsMessageMap.cpp">
      <Filter>Source Files</Filter>
    </ClCompile>
    <ClCompile Include="Graphics\Shaders\Pixel\PixelShader.cpp">
      <Filter>Source Files</Filter>
    </ClCompile>
    <ClCompile Include="Graphics\Shaders\Vertex\VertexShader.cpp">
      <Filter>Source Files</Filter>
    </ClCompile>
    <ClCompile Include="Graphics\Drawable\Drawable.cpp">
      <Filter>Source Files</Filter>
    </ClCompile>
    <ClCompile Include="Graphics\Buffers\IndexBuffer.cpp">
      <Filter>Source Files</Filter>
    </ClCompile>
    <ClCompile Include="Resources\Model\Box.cpp">
      <Filter>Source Files</Filter>
    </ClCompile>
    <ClCompile Include="Graphics\InputLayout.cpp">
      <Filter>Source Files</Filter>
    </ClCompile>
    <ClCompile Include="Graphics\Buffers\TransformCbuf.cpp">
      <Filter>Source Files</Filter>
    </ClCompile>
    <ClCompile Include="Graphics\Buffers\VertexBuffer.cpp">
      <Filter>Source Files</Filter>
    </ClCompile>
    <ClCompile Include="Binding\Bindable.cpp">
      <Filter>Source Files</Filter>
    </ClCompile>
    <ClCompile Include="Binding\Topology.cpp">
      <Filter>Source Files</Filter>
    </ClCompile>
    <ClCompile Include="Resources\Model\Pyramid.cpp">
      <Filter>Source Files</Filter>
    </ClCompile>
  </ItemGroup>
  <ItemGroup>
    <Image Include="Resources\image\icon\manager16.ico">
      <Filter>Resource Files\Image\Icon</Filter>
    </Image>
  </ItemGroup>
  <ItemGroup>
    <ClInclude Include="App\App.h">
      <Filter>Header Files\App</Filter>
    </ClInclude>
    <ClInclude Include="App\Timer\Timer.h">
      <Filter>Header Files\App</Filter>
    </ClInclude>
    <ClInclude Include="App\Window\Window.h">
      <Filter>Header Files\App</Filter>
    </ClInclude>
    <ClInclude Include="Exception\Exception.h">
      <Filter>Header Files\Exception</Filter>
    </ClInclude>
    <ClInclude Include="Graphics\Graphics.h">
      <Filter>Header Files\Graphics</Filter>
    </ClInclude>
    <ClInclude Include="Input Controls\Keyboard.h">
      <Filter>Header Files\Input Controls</Filter>
    </ClInclude>
    <ClInclude Include="Input Controls\Mouse.h">
      <Filter>Header Files\Input Controls</Filter>
    </ClInclude>
    <ClInclude Include="Resources\resource.h">
      <Filter>Header Files</Filter>
    </ClInclude>
    <ClInclude Include="Graphics\DxgiInfoManager\DxgiInfoManager.h">
      <Filter>Header Files</Filter>
    </ClInclude>
    <ClInclude Include="Exception\dxerr.h">
      <Filter>Header Files</Filter>
    </ClInclude>
    <ClInclude Include="App\Window\WindowsMessageMap.h">
      <Filter>Header Files</Filter>
    </ClInclude>
    <ClInclude Include="App\Window\WindowsThrowMacros.h">
      <Filter>Header Files</Filter>
    </ClInclude>
    <ClInclude Include="Graphics\GraphicsThrowMacros.h">
      <Filter>Header Files</Filter>
    </ClInclude>
    <ClInclude Include="Graphics\Shaders\Pixel\PixelShader.h">
      <Filter>Header Files</Filter>
    </ClInclude>
    <ClInclude Include="Graphics\Shaders\Vertex\VertexShader.h">
      <Filter>Header Files</Filter>
    </ClInclude>
    <ClInclude Include="Graphics\Drawable\Drawable.h">
      <Filter>Header Files</Filter>
    </ClInclude>
    <ClInclude Include="Graphics\Buffers\IndexBuffer.h">
      <Filter>Header Files</Filter>
    </ClInclude>
    <ClInclude Include="Resources\Model\Box.h">
      <Filter>Header Files</Filter>
    </ClInclude>
    <ClInclude Include="Graphics\Buffers\ConstantBuffers.h">
      <Filter>Header Files</Filter>
    </ClInclude>
    <ClInclude Include="Graphics\InputLayout.h">
      <Filter>Header Files</Filter>
    </ClInclude>
    <ClInclude Include="Graphics\Buffers\TransformCbuf.h">
      <Filter>Header Files</Filter>
    </ClInclude>
    <ClInclude Include="Graphics\Buffers\VertexBuffer.h">
      <Filter>Header Files</Filter>
    </ClInclude>
    <ClInclude Include="Graphics\Drawable\DrawableBase.h">
      <Filter>Header Files</Filter>
    </ClInclude>
    <ClInclude Include="Binding\Bindable.h">
      <Filter>Header Files</Filter>
    </ClInclude>
    <ClInclude Include="Binding\BindableBase.h">
      <Filter>Header Files</Filter>
    </ClInclude>
    <ClInclude Include="Binding\Topology.h">
      <Filter>Header Files</Filter>
    </ClInclude>
    <ClInclude Include="Resources\Math.h">
      <Filter>Header Files</Filter>
    </ClInclude>
    <ClInclude Include="Resources\Model\Cone.h">
      <Filter>Header Files</Filter>
    </ClInclude>
    <ClInclude Include="Resources\IndexedTriangleList.h">
      <Filter>Header Files</Filter>
    </ClInclude>
    <ClInclude Include="Resources\Model\Cube.h">
      <Filter>Header Files</Filter>
    </ClInclude>
    <ClInclude Include="Resources\Model\Plane.h">
      <Filter>Header Files</Filter>
    </ClInclude>
    <ClInclude Include="Resources\Model\Prism.h">
      <Filter>Header Files</Filter>
    </ClInclude>
    <ClInclude Include="Resources\Model\Sphere.h">
      <Filter>Header Files</Filter>
    </ClInclude>
    <ClInclude Include="Resources\Model\Pyramid.h">
      <Filter>Header Files</Filter>
    </ClInclude>
  </ItemGroup>
  <ItemGroup>
    <ResourceCompile Include="Game Engine.rc">
      <Filter>Resource Files</Filter>
    </ResourceCompile>
  </ItemGroup>
  <ItemGroup>
    <None Include="Exception\DXGetErrorDescription.inl">
      <Filter>Header Files</Filter>
    </None>
    <None Include="Exception\DXGetErrorString.inl">
      <Filter>Header Files</Filter>
    </None>
    <None Include="Exception\DXTrace.inl">
      <Filter>Header Files</Filter>
    </None>
  </ItemGroup>
  <ItemGroup>
    <FxCompile Include="Resources\HLSL\ColorBlendPS.hlsl" />
    <FxCompile Include="Resources\HLSL\ColorBlendVS.hlsl" />
    <FxCompile Include="Resources\HLSL\ColorIndexPS.hlsl" />
    <FxCompile Include="Resources\HLSL\ColorIndexVS.hlsl" />
  </ItemGroup>
</Project>